
Microsoft Visual Studio Solution File, Format Version 12.00
# Visual Studio Version 16
VisualStudioVersion = 16.0.30225.117
MinimumVisualStudioVersion = 10.0.40219.1
Project("{FAE04EC0-301F-11D3-BF4B-00C04F79EFBC}") = "MedioAmbienteWeb", "MedioAmbienteWeb\MedioAmbienteWeb.csproj", "{8F6557FF-2F9A-40E5-8BBA-A95A6125A9E5}"
EndProject
Global
	GlobalSection(SolutionConfigurationPlatforms) = preSolution
		Debug|Any CPU = Debug|Any CPU
		Release|Any CPU = Release|Any CPU
	EndGlobalSection
	GlobalSection(ProjectConfigurationPlatforms) = postSolution
		{8F6557FF-2F9A-40E5-8BBA-A95A6125A9E5}.Debug|Any CPU.ActiveCfg = Debug|Any CPU
		{8F6557FF-2F9A-40E5-8BBA-A95A6125A9E5}.Debug|Any CPU.Build.0 = Debug|Any CPU
		{8F6557FF-2F9A-40E5-8BBA-A95A6125A9E5}.Release|Any CPU.ActiveCfg = Release|Any CPU
		{8F6557FF-2F9A-40E5-8BBA-A95A6125A9E5}.Release|Any CPU.Build.0 = Release|Any CPU
	EndGlobalSection
	GlobalSection(SolutionProperties) = preSolution
		HideSolutionNode = FALSE
	EndGlobalSection
	GlobalSection(ExtensibilityGlobals) = postSolution
		SolutionGuid = {91439AA9-534F-42CA-A022-48576BFBCB51}
	EndGlobalSection
EndGlobal
